<?xml version="1.0" encoding="UTF-8"?>
<Project ToolsVersion="15.0" xmlns="http://schemas.microsoft.com/developer/msbuild/2003">
  <ItemGroup>
    <CustomBuild Include="C:\Users\Paul\Documents\GitHub\UnderTalk\SFML_Build\CMakeFiles\602fe7c44f1749959ed43c5ff62eafc2\INSTALL_force.rule">
      <Filter>CMake Rules</Filter>
    </CustomBuild>
  </ItemGroup>
  <ItemGroup>
    <Filter Include="CMake Rules">
      <UniqueIdentifier>{F29601A4-06C3-3DD2-9A0B-F2B0867D332F}</UniqueIdentifier>
    </Filter>
  </ItemGroup>
</Project>
