Microsoft Visual Studio Solution File, Format Version 12.00
# Visual Studio 15
Project("{2150E333-8FDC-42A3-9474-1A3956D46DE8}") = "CMake", "CMake", "{529CC69D-4A90-355E-B832-54861B3DBA16}"
EndProject
Project("{2150E333-8FDC-42A3-9474-1A3956D46DE8}") = "SFML", "SFML", "{802B4463-480A-3E62-96DD-2FB0AC62655F}"
EndProject
Project("{8BC9CEB8-8B4A-11D0-8D11-00A0C91BC942}") = "ALL_BUILD", "ALL_BUILD.vcxproj", "{82294808-8B4A-3D5B-B9AC-B2F6241F7880}"
	ProjectSection(ProjectDependencies) = postProject
		{EFBE58B2-027A-3331-A617-08E06978D77F} = {EFBE58B2-027A-3331-A617-08E06978D77F}
		{DD67FBD3-9D2A-3A1C-8B4A-B1E00E864498} = {DD67FBD3-9D2A-3A1C-8B4A-B1E00E864498}
		{C50C2173-8F44-3EA1-8D88-6F9CAFB0B9BE} = {C50C2173-8F44-3EA1-8D88-6F9CAFB0B9BE}
		{BE303E43-9A6C-335D-BF78-D659272082C8} = {BE303E43-9A6C-335D-BF78-D659272082C8}
		{434417F3-745D-3BDB-877D-12F56F49012A} = {434417F3-745D-3BDB-877D-12F56F49012A}
		{45D16D95-F9E0-394F-90AE-32D938F0C9A8} = {45D16D95-F9E0-394F-90AE-32D938F0C9A8}
		{C6CA19E9-9FD8-3FEE-91DA-065CC2D1DF68} = {C6CA19E9-9FD8-3FEE-91DA-065CC2D1DF68}
	EndProjectSection
EndProject
Project("{8BC9CEB8-8B4A-11D0-8D11-00A0C91BC942}") = "INSTALL", "INSTALL.vcxproj", "{BAFF810B-CDF6-3CB3-B10A-D076FDF1B83B}"
	ProjectSection(ProjectDependencies) = postProject
		{82294808-8B4A-3D5B-B9AC-B2F6241F7880} = {82294808-8B4A-3D5B-B9AC-B2F6241F7880}
		{EFBE58B2-027A-3331-A617-08E06978D77F} = {EFBE58B2-027A-3331-A617-08E06978D77F}
	EndProjectSection
EndProject
Project("{8BC9CEB8-8B4A-11D0-8D11-00A0C91BC942}") = "ZERO_CHECK", "ZERO_CHECK.vcxproj", "{EFBE58B2-027A-3331-A617-08E06978D77F}"
	ProjectSection(ProjectDependencies) = postProject
	EndProjectSection
EndProject
Project("{8BC9CEB8-8B4A-11D0-8D11-00A0C91BC942}") = "sfml-audio", "src\SFML\Audio\sfml-audio.vcxproj", "{DD67FBD3-9D2A-3A1C-8B4A-B1E00E864498}"
	ProjectSection(ProjectDependencies) = postProject
		{EFBE58B2-027A-3331-A617-08E06978D77F} = {EFBE58B2-027A-3331-A617-08E06978D77F}
		{45D16D95-F9E0-394F-90AE-32D938F0C9A8} = {45D16D95-F9E0-394F-90AE-32D938F0C9A8}
	EndProjectSection
EndProject
Project("{8BC9CEB8-8B4A-11D0-8D11-00A0C91BC942}") = "sfml-graphics", "src\SFML\Graphics\sfml-graphics.vcxproj", "{C50C2173-8F44-3EA1-8D88-6F9CAFB0B9BE}"
	ProjectSection(ProjectDependencies) = postProject
		{EFBE58B2-027A-3331-A617-08E06978D77F} = {EFBE58B2-027A-3331-A617-08E06978D77F}
		{45D16D95-F9E0-394F-90AE-32D938F0C9A8} = {45D16D95-F9E0-394F-90AE-32D938F0C9A8}
		{C6CA19E9-9FD8-3FEE-91DA-065CC2D1DF68} = {C6CA19E9-9FD8-3FEE-91DA-065CC2D1DF68}
	EndProjectSection
EndProject
Project("{8BC9CEB8-8B4A-11D0-8D11-00A0C91BC942}") = "sfml-main", "src\SFML\Main\sfml-main.vcxproj", "{BE303E43-9A6C-335D-BF78-D659272082C8}"
	ProjectSection(ProjectDependencies) = postProject
		{EFBE58B2-027A-3331-A617-08E06978D77F} = {EFBE58B2-027A-3331-A617-08E06978D77F}
	EndProjectSection
EndProject
Project("{8BC9CEB8-8B4A-11D0-8D11-00A0C91BC942}") = "sfml-network", "src\SFML\Network\sfml-network.vcxproj", "{434417F3-745D-3BDB-877D-12F56F49012A}"
	ProjectSection(ProjectDependencies) = postProject
		{EFBE58B2-027A-3331-A617-08E06978D77F} = {EFBE58B2-027A-3331-A617-08E06978D77F}
		{45D16D95-F9E0-394F-90AE-32D938F0C9A8} = {45D16D95-F9E0-394F-90AE-32D938F0C9A8}
	EndProjectSection
EndProject
Project("{8BC9CEB8-8B4A-11D0-8D11-00A0C91BC942}") = "sfml-system", "src\SFML\System\sfml-system.vcxproj", "{45D16D95-F9E0-394F-90AE-32D938F0C9A8}"
	ProjectSection(ProjectDependencies) = postProject
		{EFBE58B2-027A-3331-A617-08E06978D77F} = {EFBE58B2-027A-3331-A617-08E06978D77F}
	EndProjectSection
EndProject
Project("{8BC9CEB8-8B4A-11D0-8D11-00A0C91BC942}") = "sfml-window", "src\SFML\Window\sfml-window.vcxproj", "{C6CA19E9-9FD8-3FEE-91DA-065CC2D1DF68}"
	ProjectSection(ProjectDependencies) = postProject
		{EFBE58B2-027A-3331-A617-08E06978D77F} = {EFBE58B2-027A-3331-A617-08E06978D77F}
		{45D16D95-F9E0-394F-90AE-32D938F0C9A8} = {45D16D95-F9E0-394F-90AE-32D938F0C9A8}
	EndProjectSection
EndProject
Global
	GlobalSection(SolutionConfigurationPlatforms) = preSolution
		Debug|Win32 = Debug|Win32
		Release|Win32 = Release|Win32
		MinSizeRel|Win32 = MinSizeRel|Win32
		RelWithDebInfo|Win32 = RelWithDebInfo|Win32
	EndGlobalSection
	GlobalSection(ProjectConfigurationPlatforms) = postSolution
		{82294808-8B4A-3D5B-B9AC-B2F6241F7880}.Debug|Win32.ActiveCfg = Debug|Win32
		{82294808-8B4A-3D5B-B9AC-B2F6241F7880}.Debug|Win32.Build.0 = Debug|Win32
		{82294808-8B4A-3D5B-B9AC-B2F6241F7880}.Release|Win32.ActiveCfg = Release|Win32
		{82294808-8B4A-3D5B-B9AC-B2F6241F7880}.Release|Win32.Build.0 = Release|Win32
		{82294808-8B4A-3D5B-B9AC-B2F6241F7880}.MinSizeRel|Win32.ActiveCfg = MinSizeRel|Win32
		{82294808-8B4A-3D5B-B9AC-B2F6241F7880}.MinSizeRel|Win32.Build.0 = MinSizeRel|Win32
		{82294808-8B4A-3D5B-B9AC-B2F6241F7880}.RelWithDebInfo|Win32.ActiveCfg = RelWithDebInfo|Win32
		{82294808-8B4A-3D5B-B9AC-B2F6241F7880}.RelWithDebInfo|Win32.Build.0 = RelWithDebInfo|Win32
		{BAFF810B-CDF6-3CB3-B10A-D076FDF1B83B}.Debug|Win32.ActiveCfg = Debug|Win32
		{BAFF810B-CDF6-3CB3-B10A-D076FDF1B83B}.Release|Win32.ActiveCfg = Release|Win32
		{BAFF810B-CDF6-3CB3-B10A-D076FDF1B83B}.MinSizeRel|Win32.ActiveCfg = MinSizeRel|Win32
		{BAFF810B-CDF6-3CB3-B10A-D076FDF1B83B}.RelWithDebInfo|Win32.ActiveCfg = RelWithDebInfo|Win32
		{EFBE58B2-027A-3331-A617-08E06978D77F}.Debug|Win32.ActiveCfg = Debug|Win32
		{EFBE58B2-027A-3331-A617-08E06978D77F}.Debug|Win32.Build.0 = Debug|Win32
		{EFBE58B2-027A-3331-A617-08E06978D77F}.Release|Win32.ActiveCfg = Release|Win32
		{EFBE58B2-027A-3331-A617-08E06978D77F}.Release|Win32.Build.0 = Release|Win32
		{EFBE58B2-027A-3331-A617-08E06978D77F}.MinSizeRel|Win32.ActiveCfg = MinSizeRel|Win32
		{EFBE58B2-027A-3331-A617-08E06978D77F}.MinSizeRel|Win32.Build.0 = MinSizeRel|Win32
		{EFBE58B2-027A-3331-A617-08E06978D77F}.RelWithDebInfo|Win32.ActiveCfg = RelWithDebInfo|Win32
		{EFBE58B2-027A-3331-A617-08E06978D77F}.RelWithDebInfo|Win32.Build.0 = RelWithDebInfo|Win32
		{DD67FBD3-9D2A-3A1C-8B4A-B1E00E864498}.Debug|Win32.ActiveCfg = Debug|Win32
		{DD67FBD3-9D2A-3A1C-8B4A-B1E00E864498}.Debug|Win32.Build.0 = Debug|Win32
		{DD67FBD3-9D2A-3A1C-8B4A-B1E00E864498}.Release|Win32.ActiveCfg = Release|Win32
		{DD67FBD3-9D2A-3A1C-8B4A-B1E00E864498}.Release|Win32.Build.0 = Release|Win32
		{DD67FBD3-9D2A-3A1C-8B4A-B1E00E864498}.MinSizeRel|Win32.ActiveCfg = MinSizeRel|Win32
		{DD67FBD3-9D2A-3A1C-8B4A-B1E00E864498}.MinSizeRel|Win32.Build.0 = MinSizeRel|Win32
		{DD67FBD3-9D2A-3A1C-8B4A-B1E00E864498}.RelWithDebInfo|Win32.ActiveCfg = RelWithDebInfo|Win32
		{DD67FBD3-9D2A-3A1C-8B4A-B1E00E864498}.RelWithDebInfo|Win32.Build.0 = RelWithDebInfo|Win32
		{C50C2173-8F44-3EA1-8D88-6F9CAFB0B9BE}.Debug|Win32.ActiveCfg = Debug|Win32
		{C50C2173-8F44-3EA1-8D88-6F9CAFB0B9BE}.Debug|Win32.Build.0 = Debug|Win32
		{C50C2173-8F44-3EA1-8D88-6F9CAFB0B9BE}.Release|Win32.ActiveCfg = Release|Win32
		{C50C2173-8F44-3EA1-8D88-6F9CAFB0B9BE}.Release|Win32.Build.0 = Release|Win32
		{C50C2173-8F44-3EA1-8D88-6F9CAFB0B9BE}.MinSizeRel|Win32.ActiveCfg = MinSizeRel|Win32
		{C50C2173-8F44-3EA1-8D88-6F9CAFB0B9BE}.MinSizeRel|Win32.Build.0 = MinSizeRel|Win32
		{C50C2173-8F44-3EA1-8D88-6F9CAFB0B9BE}.RelWithDebInfo|Win32.ActiveCfg = RelWithDebInfo|Win32
		{C50C2173-8F44-3EA1-8D88-6F9CAFB0B9BE}.RelWithDebInfo|Win32.Build.0 = RelWithDebInfo|Win32
		{BE303E43-9A6C-335D-BF78-D659272082C8}.Debug|Win32.ActiveCfg = Debug|Win32
		{BE303E43-9A6C-335D-BF78-D659272082C8}.Debug|Win32.Build.0 = Debug|Win32
		{BE303E43-9A6C-335D-BF78-D659272082C8}.Release|Win32.ActiveCfg = Release|Win32
		{BE303E43-9A6C-335D-BF78-D659272082C8}.Release|Win32.Build.0 = Release|Win32
		{BE303E43-9A6C-335D-BF78-D659272082C8}.MinSizeRel|Win32.ActiveCfg = MinSizeRel|Win32
		{BE303E43-9A6C-335D-BF78-D659272082C8}.MinSizeRel|Win32.Build.0 = MinSizeRel|Win32
		{BE303E43-9A6C-335D-BF78-D659272082C8}.RelWithDebInfo|Win32.ActiveCfg = RelWithDebInfo|Win32
		{BE303E43-9A6C-335D-BF78-D659272082C8}.RelWithDebInfo|Win32.Build.0 = RelWithDebInfo|Win32
		{434417F3-745D-3BDB-877D-12F56F49012A}.Debug|Win32.ActiveCfg = Debug|Win32
		{434417F3-745D-3BDB-877D-12F56F49012A}.Debug|Win32.Build.0 = Debug|Win32
		{434417F3-745D-3BDB-877D-12F56F49012A}.Release|Win32.ActiveCfg = Release|Win32
		{434417F3-745D-3BDB-877D-12F56F49012A}.Release|Win32.Build.0 = Release|Win32
		{434417F3-745D-3BDB-877D-12F56F49012A}.MinSizeRel|Win32.ActiveCfg = MinSizeRel|Win32
		{434417F3-745D-3BDB-877D-12F56F49012A}.MinSizeRel|Win32.Build.0 = MinSizeRel|Win32
		{434417F3-745D-3BDB-877D-12F56F49012A}.RelWithDebInfo|Win32.ActiveCfg = RelWithDebInfo|Win32
		{434417F3-745D-3BDB-877D-12F56F49012A}.RelWithDebInfo|Win32.Build.0 = RelWithDebInfo|Win32
		{45D16D95-F9E0-394F-90AE-32D938F0C9A8}.Debug|Win32.ActiveCfg = Debug|Win32
		{45D16D95-F9E0-394F-90AE-32D938F0C9A8}.Debug|Win32.Build.0 = Debug|Win32
		{45D16D95-F9E0-394F-90AE-32D938F0C9A8}.Release|Win32.ActiveCfg = Release|Win32
		{45D16D95-F9E0-394F-90AE-32D938F0C9A8}.Release|Win32.Build.0 = Release|Win32
		{45D16D95-F9E0-394F-90AE-32D938F0C9A8}.MinSizeRel|Win32.ActiveCfg = MinSizeRel|Win32
		{45D16D95-F9E0-394F-90AE-32D938F0C9A8}.MinSizeRel|Win32.Build.0 = MinSizeRel|Win32
		{45D16D95-F9E0-394F-90AE-32D938F0C9A8}.RelWithDebInfo|Win32.ActiveCfg = RelWithDebInfo|Win32
		{45D16D95-F9E0-394F-90AE-32D938F0C9A8}.RelWithDebInfo|Win32.Build.0 = RelWithDebInfo|Win32
		{C6CA19E9-9FD8-3FEE-91DA-065CC2D1DF68}.Debug|Win32.ActiveCfg = Debug|Win32
		{C6CA19E9-9FD8-3FEE-91DA-065CC2D1DF68}.Debug|Win32.Build.0 = Debug|Win32
		{C6CA19E9-9FD8-3FEE-91DA-065CC2D1DF68}.Release|Win32.ActiveCfg = Release|Win32
		{C6CA19E9-9FD8-3FEE-91DA-065CC2D1DF68}.Release|Win32.Build.0 = Release|Win32
		{C6CA19E9-9FD8-3FEE-91DA-065CC2D1DF68}.MinSizeRel|Win32.ActiveCfg = MinSizeRel|Win32
		{C6CA19E9-9FD8-3FEE-91DA-065CC2D1DF68}.MinSizeRel|Win32.Build.0 = MinSizeRel|Win32
		{C6CA19E9-9FD8-3FEE-91DA-065CC2D1DF68}.RelWithDebInfo|Win32.ActiveCfg = RelWithDebInfo|Win32
		{C6CA19E9-9FD8-3FEE-91DA-065CC2D1DF68}.RelWithDebInfo|Win32.Build.0 = RelWithDebInfo|Win32
	EndGlobalSection
	GlobalSection(NestedProjects) = preSolution
		{82294808-8B4A-3D5B-B9AC-B2F6241F7880} = {529CC69D-4A90-355E-B832-54861B3DBA16}
		{BAFF810B-CDF6-3CB3-B10A-D076FDF1B83B} = {529CC69D-4A90-355E-B832-54861B3DBA16}
		{EFBE58B2-027A-3331-A617-08E06978D77F} = {529CC69D-4A90-355E-B832-54861B3DBA16}
		{DD67FBD3-9D2A-3A1C-8B4A-B1E00E864498} = {802B4463-480A-3E62-96DD-2FB0AC62655F}
		{C50C2173-8F44-3EA1-8D88-6F9CAFB0B9BE} = {802B4463-480A-3E62-96DD-2FB0AC62655F}
		{BE303E43-9A6C-335D-BF78-D659272082C8} = {802B4463-480A-3E62-96DD-2FB0AC62655F}
		{434417F3-745D-3BDB-877D-12F56F49012A} = {802B4463-480A-3E62-96DD-2FB0AC62655F}
		{45D16D95-F9E0-394F-90AE-32D938F0C9A8} = {802B4463-480A-3E62-96DD-2FB0AC62655F}
		{C6CA19E9-9FD8-3FEE-91DA-065CC2D1DF68} = {802B4463-480A-3E62-96DD-2FB0AC62655F}
	EndGlobalSection
	GlobalSection(ExtensibilityGlobals) = postSolution
	EndGlobalSection
	GlobalSection(ExtensibilityAddIns) = postSolution
	EndGlobalSection
EndGlobal
