Microsoft Visual Studio Solution File, Format Version 12.00
# Visual Studio 15
Project("{2150E333-8FDC-42A3-9474-1A3956D46DE8}") = "CMake", "CMake", "{C1B37D64-78AC-3196-A67A-D68C1AB4920F}"
EndProject
Project("{2150E333-8FDC-42A3-9474-1A3956D46DE8}") = "SFML", "SFML", "{FF0412C6-DF9A-30DB-88C6-25CCB113C256}"
EndProject
Project("{8BC9CEB8-8B4A-11D0-8D11-00A0C91BC942}") = "ALL_BUILD", "ALL_BUILD.vcxproj", "{AACBA1FD-3CE6-31ED-AF65-AC5F9D82B69B}"
	ProjectSection(ProjectDependencies) = postProject
		{6C003EA7-0ACB-31E8-A5EE-3974C1700422} = {6C003EA7-0ACB-31E8-A5EE-3974C1700422}
		{76DC1E12-962D-311F-B581-6B366814A3C4} = {76DC1E12-962D-311F-B581-6B366814A3C4}
		{94D65101-3043-3790-BDD1-B8693FA59DE5} = {94D65101-3043-3790-BDD1-B8693FA59DE5}
		{2EED7754-8C33-3917-91C3-B3D2503657F3} = {2EED7754-8C33-3917-91C3-B3D2503657F3}
		{F85A5923-E1BB-34D3-B917-B73A0107E8AD} = {F85A5923-E1BB-34D3-B917-B73A0107E8AD}
		{95C17390-471F-3B96-BB93-B13F66D0FC6B} = {95C17390-471F-3B96-BB93-B13F66D0FC6B}
		{6F04BED4-E59A-3372-859F-5711B3415E90} = {6F04BED4-E59A-3372-859F-5711B3415E90}
	EndProjectSection
EndProject
Project("{8BC9CEB8-8B4A-11D0-8D11-00A0C91BC942}") = "INSTALL", "INSTALL.vcxproj", "{086CED21-7140-3BA3-8239-6006CE78C838}"
	ProjectSection(ProjectDependencies) = postProject
		{AACBA1FD-3CE6-31ED-AF65-AC5F9D82B69B} = {AACBA1FD-3CE6-31ED-AF65-AC5F9D82B69B}
		{6C003EA7-0ACB-31E8-A5EE-3974C1700422} = {6C003EA7-0ACB-31E8-A5EE-3974C1700422}
	EndProjectSection
EndProject
Project("{8BC9CEB8-8B4A-11D0-8D11-00A0C91BC942}") = "ZERO_CHECK", "ZERO_CHECK.vcxproj", "{6C003EA7-0ACB-31E8-A5EE-3974C1700422}"
	ProjectSection(ProjectDependencies) = postProject
	EndProjectSection
EndProject
Project("{8BC9CEB8-8B4A-11D0-8D11-00A0C91BC942}") = "sfml-audio", "src\SFML\Audio\sfml-audio.vcxproj", "{76DC1E12-962D-311F-B581-6B366814A3C4}"
	ProjectSection(ProjectDependencies) = postProject
		{6C003EA7-0ACB-31E8-A5EE-3974C1700422} = {6C003EA7-0ACB-31E8-A5EE-3974C1700422}
		{95C17390-471F-3B96-BB93-B13F66D0FC6B} = {95C17390-471F-3B96-BB93-B13F66D0FC6B}
	EndProjectSection
EndProject
Project("{8BC9CEB8-8B4A-11D0-8D11-00A0C91BC942}") = "sfml-graphics", "src\SFML\Graphics\sfml-graphics.vcxproj", "{94D65101-3043-3790-BDD1-B8693FA59DE5}"
	ProjectSection(ProjectDependencies) = postProject
		{6C003EA7-0ACB-31E8-A5EE-3974C1700422} = {6C003EA7-0ACB-31E8-A5EE-3974C1700422}
		{95C17390-471F-3B96-BB93-B13F66D0FC6B} = {95C17390-471F-3B96-BB93-B13F66D0FC6B}
		{6F04BED4-E59A-3372-859F-5711B3415E90} = {6F04BED4-E59A-3372-859F-5711B3415E90}
	EndProjectSection
EndProject
Project("{8BC9CEB8-8B4A-11D0-8D11-00A0C91BC942}") = "sfml-main", "src\SFML\Main\sfml-main.vcxproj", "{2EED7754-8C33-3917-91C3-B3D2503657F3}"
	ProjectSection(ProjectDependencies) = postProject
		{6C003EA7-0ACB-31E8-A5EE-3974C1700422} = {6C003EA7-0ACB-31E8-A5EE-3974C1700422}
	EndProjectSection
EndProject
Project("{8BC9CEB8-8B4A-11D0-8D11-00A0C91BC942}") = "sfml-network", "src\SFML\Network\sfml-network.vcxproj", "{F85A5923-E1BB-34D3-B917-B73A0107E8AD}"
	ProjectSection(ProjectDependencies) = postProject
		{6C003EA7-0ACB-31E8-A5EE-3974C1700422} = {6C003EA7-0ACB-31E8-A5EE-3974C1700422}
		{95C17390-471F-3B96-BB93-B13F66D0FC6B} = {95C17390-471F-3B96-BB93-B13F66D0FC6B}
	EndProjectSection
EndProject
Project("{8BC9CEB8-8B4A-11D0-8D11-00A0C91BC942}") = "sfml-system", "src\SFML\System\sfml-system.vcxproj", "{95C17390-471F-3B96-BB93-B13F66D0FC6B}"
	ProjectSection(ProjectDependencies) = postProject
		{6C003EA7-0ACB-31E8-A5EE-3974C1700422} = {6C003EA7-0ACB-31E8-A5EE-3974C1700422}
	EndProjectSection
EndProject
Project("{8BC9CEB8-8B4A-11D0-8D11-00A0C91BC942}") = "sfml-window", "src\SFML\Window\sfml-window.vcxproj", "{6F04BED4-E59A-3372-859F-5711B3415E90}"
	ProjectSection(ProjectDependencies) = postProject
		{6C003EA7-0ACB-31E8-A5EE-3974C1700422} = {6C003EA7-0ACB-31E8-A5EE-3974C1700422}
		{95C17390-471F-3B96-BB93-B13F66D0FC6B} = {95C17390-471F-3B96-BB93-B13F66D0FC6B}
	EndProjectSection
EndProject
Global
	GlobalSection(SolutionConfigurationPlatforms) = preSolution
		Debug|Win32 = Debug|Win32
		Release|Win32 = Release|Win32
		MinSizeRel|Win32 = MinSizeRel|Win32
		RelWithDebInfo|Win32 = RelWithDebInfo|Win32
	EndGlobalSection
	GlobalSection(ProjectConfigurationPlatforms) = postSolution
		{AACBA1FD-3CE6-31ED-AF65-AC5F9D82B69B}.Debug|Win32.ActiveCfg = Debug|Win32
		{AACBA1FD-3CE6-31ED-AF65-AC5F9D82B69B}.Debug|Win32.Build.0 = Debug|Win32
		{AACBA1FD-3CE6-31ED-AF65-AC5F9D82B69B}.Release|Win32.ActiveCfg = Release|Win32
		{AACBA1FD-3CE6-31ED-AF65-AC5F9D82B69B}.Release|Win32.Build.0 = Release|Win32
		{AACBA1FD-3CE6-31ED-AF65-AC5F9D82B69B}.MinSizeRel|Win32.ActiveCfg = MinSizeRel|Win32
		{AACBA1FD-3CE6-31ED-AF65-AC5F9D82B69B}.MinSizeRel|Win32.Build.0 = MinSizeRel|Win32
		{AACBA1FD-3CE6-31ED-AF65-AC5F9D82B69B}.RelWithDebInfo|Win32.ActiveCfg = RelWithDebInfo|Win32
		{AACBA1FD-3CE6-31ED-AF65-AC5F9D82B69B}.RelWithDebInfo|Win32.Build.0 = RelWithDebInfo|Win32
		{086CED21-7140-3BA3-8239-6006CE78C838}.Debug|Win32.ActiveCfg = Debug|Win32
		{086CED21-7140-3BA3-8239-6006CE78C838}.Release|Win32.ActiveCfg = Release|Win32
		{086CED21-7140-3BA3-8239-6006CE78C838}.MinSizeRel|Win32.ActiveCfg = MinSizeRel|Win32
		{086CED21-7140-3BA3-8239-6006CE78C838}.RelWithDebInfo|Win32.ActiveCfg = RelWithDebInfo|Win32
		{6C003EA7-0ACB-31E8-A5EE-3974C1700422}.Debug|Win32.ActiveCfg = Debug|Win32
		{6C003EA7-0ACB-31E8-A5EE-3974C1700422}.Debug|Win32.Build.0 = Debug|Win32
		{6C003EA7-0ACB-31E8-A5EE-3974C1700422}.Release|Win32.ActiveCfg = Release|Win32
		{6C003EA7-0ACB-31E8-A5EE-3974C1700422}.Release|Win32.Build.0 = Release|Win32
		{6C003EA7-0ACB-31E8-A5EE-3974C1700422}.MinSizeRel|Win32.ActiveCfg = MinSizeRel|Win32
		{6C003EA7-0ACB-31E8-A5EE-3974C1700422}.MinSizeRel|Win32.Build.0 = MinSizeRel|Win32
		{6C003EA7-0ACB-31E8-A5EE-3974C1700422}.RelWithDebInfo|Win32.ActiveCfg = RelWithDebInfo|Win32
		{6C003EA7-0ACB-31E8-A5EE-3974C1700422}.RelWithDebInfo|Win32.Build.0 = RelWithDebInfo|Win32
		{76DC1E12-962D-311F-B581-6B366814A3C4}.Debug|Win32.ActiveCfg = Debug|Win32
		{76DC1E12-962D-311F-B581-6B366814A3C4}.Debug|Win32.Build.0 = Debug|Win32
		{76DC1E12-962D-311F-B581-6B366814A3C4}.Release|Win32.ActiveCfg = Release|Win32
		{76DC1E12-962D-311F-B581-6B366814A3C4}.Release|Win32.Build.0 = Release|Win32
		{76DC1E12-962D-311F-B581-6B366814A3C4}.MinSizeRel|Win32.ActiveCfg = MinSizeRel|Win32
		{76DC1E12-962D-311F-B581-6B366814A3C4}.MinSizeRel|Win32.Build.0 = MinSizeRel|Win32
		{76DC1E12-962D-311F-B581-6B366814A3C4}.RelWithDebInfo|Win32.ActiveCfg = RelWithDebInfo|Win32
		{76DC1E12-962D-311F-B581-6B366814A3C4}.RelWithDebInfo|Win32.Build.0 = RelWithDebInfo|Win32
		{94D65101-3043-3790-BDD1-B8693FA59DE5}.Debug|Win32.ActiveCfg = Debug|Win32
		{94D65101-3043-3790-BDD1-B8693FA59DE5}.Debug|Win32.Build.0 = Debug|Win32
		{94D65101-3043-3790-BDD1-B8693FA59DE5}.Release|Win32.ActiveCfg = Release|Win32
		{94D65101-3043-3790-BDD1-B8693FA59DE5}.Release|Win32.Build.0 = Release|Win32
		{94D65101-3043-3790-BDD1-B8693FA59DE5}.MinSizeRel|Win32.ActiveCfg = MinSizeRel|Win32
		{94D65101-3043-3790-BDD1-B8693FA59DE5}.MinSizeRel|Win32.Build.0 = MinSizeRel|Win32
		{94D65101-3043-3790-BDD1-B8693FA59DE5}.RelWithDebInfo|Win32.ActiveCfg = RelWithDebInfo|Win32
		{94D65101-3043-3790-BDD1-B8693FA59DE5}.RelWithDebInfo|Win32.Build.0 = RelWithDebInfo|Win32
		{2EED7754-8C33-3917-91C3-B3D2503657F3}.Debug|Win32.ActiveCfg = Debug|Win32
		{2EED7754-8C33-3917-91C3-B3D2503657F3}.Debug|Win32.Build.0 = Debug|Win32
		{2EED7754-8C33-3917-91C3-B3D2503657F3}.Release|Win32.ActiveCfg = Release|Win32
		{2EED7754-8C33-3917-91C3-B3D2503657F3}.Release|Win32.Build.0 = Release|Win32
		{2EED7754-8C33-3917-91C3-B3D2503657F3}.MinSizeRel|Win32.ActiveCfg = MinSizeRel|Win32
		{2EED7754-8C33-3917-91C3-B3D2503657F3}.MinSizeRel|Win32.Build.0 = MinSizeRel|Win32
		{2EED7754-8C33-3917-91C3-B3D2503657F3}.RelWithDebInfo|Win32.ActiveCfg = RelWithDebInfo|Win32
		{2EED7754-8C33-3917-91C3-B3D2503657F3}.RelWithDebInfo|Win32.Build.0 = RelWithDebInfo|Win32
		{F85A5923-E1BB-34D3-B917-B73A0107E8AD}.Debug|Win32.ActiveCfg = Debug|Win32
		{F85A5923-E1BB-34D3-B917-B73A0107E8AD}.Debug|Win32.Build.0 = Debug|Win32
		{F85A5923-E1BB-34D3-B917-B73A0107E8AD}.Release|Win32.ActiveCfg = Release|Win32
		{F85A5923-E1BB-34D3-B917-B73A0107E8AD}.Release|Win32.Build.0 = Release|Win32
		{F85A5923-E1BB-34D3-B917-B73A0107E8AD}.MinSizeRel|Win32.ActiveCfg = MinSizeRel|Win32
		{F85A5923-E1BB-34D3-B917-B73A0107E8AD}.MinSizeRel|Win32.Build.0 = MinSizeRel|Win32
		{F85A5923-E1BB-34D3-B917-B73A0107E8AD}.RelWithDebInfo|Win32.ActiveCfg = RelWithDebInfo|Win32
		{F85A5923-E1BB-34D3-B917-B73A0107E8AD}.RelWithDebInfo|Win32.Build.0 = RelWithDebInfo|Win32
		{95C17390-471F-3B96-BB93-B13F66D0FC6B}.Debug|Win32.ActiveCfg = Debug|Win32
		{95C17390-471F-3B96-BB93-B13F66D0FC6B}.Debug|Win32.Build.0 = Debug|Win32
		{95C17390-471F-3B96-BB93-B13F66D0FC6B}.Release|Win32.ActiveCfg = Release|Win32
		{95C17390-471F-3B96-BB93-B13F66D0FC6B}.Release|Win32.Build.0 = Release|Win32
		{95C17390-471F-3B96-BB93-B13F66D0FC6B}.MinSizeRel|Win32.ActiveCfg = MinSizeRel|Win32
		{95C17390-471F-3B96-BB93-B13F66D0FC6B}.MinSizeRel|Win32.Build.0 = MinSizeRel|Win32
		{95C17390-471F-3B96-BB93-B13F66D0FC6B}.RelWithDebInfo|Win32.ActiveCfg = RelWithDebInfo|Win32
		{95C17390-471F-3B96-BB93-B13F66D0FC6B}.RelWithDebInfo|Win32.Build.0 = RelWithDebInfo|Win32
		{6F04BED4-E59A-3372-859F-5711B3415E90}.Debug|Win32.ActiveCfg = Debug|Win32
		{6F04BED4-E59A-3372-859F-5711B3415E90}.Debug|Win32.Build.0 = Debug|Win32
		{6F04BED4-E59A-3372-859F-5711B3415E90}.Release|Win32.ActiveCfg = Release|Win32
		{6F04BED4-E59A-3372-859F-5711B3415E90}.Release|Win32.Build.0 = Release|Win32
		{6F04BED4-E59A-3372-859F-5711B3415E90}.MinSizeRel|Win32.ActiveCfg = MinSizeRel|Win32
		{6F04BED4-E59A-3372-859F-5711B3415E90}.MinSizeRel|Win32.Build.0 = MinSizeRel|Win32
		{6F04BED4-E59A-3372-859F-5711B3415E90}.RelWithDebInfo|Win32.ActiveCfg = RelWithDebInfo|Win32
		{6F04BED4-E59A-3372-859F-5711B3415E90}.RelWithDebInfo|Win32.Build.0 = RelWithDebInfo|Win32
	EndGlobalSection
	GlobalSection(NestedProjects) = preSolution
		{AACBA1FD-3CE6-31ED-AF65-AC5F9D82B69B} = {C1B37D64-78AC-3196-A67A-D68C1AB4920F}
		{086CED21-7140-3BA3-8239-6006CE78C838} = {C1B37D64-78AC-3196-A67A-D68C1AB4920F}
		{6C003EA7-0ACB-31E8-A5EE-3974C1700422} = {C1B37D64-78AC-3196-A67A-D68C1AB4920F}
		{76DC1E12-962D-311F-B581-6B366814A3C4} = {FF0412C6-DF9A-30DB-88C6-25CCB113C256}
		{94D65101-3043-3790-BDD1-B8693FA59DE5} = {FF0412C6-DF9A-30DB-88C6-25CCB113C256}
		{2EED7754-8C33-3917-91C3-B3D2503657F3} = {FF0412C6-DF9A-30DB-88C6-25CCB113C256}
		{F85A5923-E1BB-34D3-B917-B73A0107E8AD} = {FF0412C6-DF9A-30DB-88C6-25CCB113C256}
		{95C17390-471F-3B96-BB93-B13F66D0FC6B} = {FF0412C6-DF9A-30DB-88C6-25CCB113C256}
		{6F04BED4-E59A-3372-859F-5711B3415E90} = {FF0412C6-DF9A-30DB-88C6-25CCB113C256}
	EndGlobalSection
	GlobalSection(ExtensibilityGlobals) = postSolution
	EndGlobalSection
	GlobalSection(ExtensibilityAddIns) = postSolution
	EndGlobalSection
EndGlobal
